
Microsoft Visual Studio Solution File, Format Version 12.00
# Visual Studio Version 17
VisualStudioVersion = 17.10.34707.107
MinimumVisualStudioVersion = 10.0.40219.1
Project("{9A19103F-16F7-4668-BE54-9A1E7A4F7556}") = "API", "API\API.csproj", "{762B3799-78D7-46A2-B868-08C3EE14E89F}"
EndProject
Project("{9A19103F-16F7-4668-BE54-9A1E7A4F7556}") = "DatingApp.DAL", "DatingApp.DAL\DatingApp.DAL.csproj", "{E04E5C30-ECDC-427F-BC74-C37509B36FD6}"
EndProject
Project("{9A19103F-16F7-4668-BE54-9A1E7A4F7556}") = "DatingApp.BL", "DatingApp.BL\DatingApp.BL.csproj", "{DF517C7B-0E40-4210-9DF2-BE3CC5D25739}"
EndProject
Project("{FAE04EC0-301F-11D3-BF4B-00C04F79EFBC}") = "Utility", "Utility\Utility.csproj", "{8239C1CB-74F4-4902-BAE2-562BBA0D3FCA}"
EndProject
Global
	GlobalSection(SolutionConfigurationPlatforms) = preSolution
		Debug|Any CPU = Debug|Any CPU
		Release|Any CPU = Release|Any CPU
	EndGlobalSection
	GlobalSection(ProjectConfigurationPlatforms) = postSolution
		{762B3799-78D7-46A2-B868-08C3EE14E89F}.Debug|Any CPU.ActiveCfg = Debug|Any CPU
		{762B3799-78D7-46A2-B868-08C3EE14E89F}.Debug|Any CPU.Build.0 = Debug|Any CPU
		{762B3799-78D7-46A2-B868-08C3EE14E89F}.Release|Any CPU.ActiveCfg = Release|Any CPU
		{762B3799-78D7-46A2-B868-08C3EE14E89F}.Release|Any CPU.Build.0 = Release|Any CPU
		{E04E5C30-ECDC-427F-BC74-C37509B36FD6}.Debug|Any CPU.ActiveCfg = Debug|Any CPU
		{E04E5C30-ECDC-427F-BC74-C37509B36FD6}.Debug|Any CPU.Build.0 = Debug|Any CPU
		{E04E5C30-ECDC-427F-BC74-C37509B36FD6}.Release|Any CPU.ActiveCfg = Release|Any CPU
		{E04E5C30-ECDC-427F-BC74-C37509B36FD6}.Release|Any CPU.Build.0 = Release|Any CPU
		{DF517C7B-0E40-4210-9DF2-BE3CC5D25739}.Debug|Any CPU.ActiveCfg = Debug|Any CPU
		{DF517C7B-0E40-4210-9DF2-BE3CC5D25739}.Debug|Any CPU.Build.0 = Debug|Any CPU
		{DF517C7B-0E40-4210-9DF2-BE3CC5D25739}.Release|Any CPU.ActiveCfg = Release|Any CPU
		{DF517C7B-0E40-4210-9DF2-BE3CC5D25739}.Release|Any CPU.Build.0 = Release|Any CPU
		{8239C1CB-74F4-4902-BAE2-562BBA0D3FCA}.Debug|Any CPU.ActiveCfg = Debug|Any CPU
		{8239C1CB-74F4-4902-BAE2-562BBA0D3FCA}.Debug|Any CPU.Build.0 = Debug|Any CPU
		{8239C1CB-74F4-4902-BAE2-562BBA0D3FCA}.Release|Any CPU.ActiveCfg = Release|Any CPU
		{8239C1CB-74F4-4902-BAE2-562BBA0D3FCA}.Release|Any CPU.Build.0 = Release|Any CPU
	EndGlobalSection
	GlobalSection(SolutionProperties) = preSolution
		HideSolutionNode = FALSE
	EndGlobalSection
	GlobalSection(ExtensibilityGlobals) = postSolution
		SolutionGuid = {507CC2A8-1EC1-466B-8B20-02D3DA7B4931}
	EndGlobalSection
EndGlobal
